// !$*UTF8*$!
{
	archiveVersion = 1;
	classes = {
	};
	objectVersion = 46;
	objects = {

/* Begin PBXBuildFile section */
		62F97795AB405A0372EF2601 /* Pods_GitHub_repositories_searchTests.framework in Frameworks */ = {isa = PBXBuildFile; fileRef = 67C84538DEBD145CE4A7DBBE /* Pods_GitHub_repositories_searchTests.framework */; };
		917ADED127DA2F9F9121E004 /* Pods_GitHub_repositories_searchUITests.framework in Frameworks */ = {isa = PBXBuildFile; fileRef = 4A08EEE74A7C1DE51D7F4CE1 /* Pods_GitHub_repositories_searchUITests.framework */; };
		CF1DDFD5FC5EE641AFD61C91 /* Pods_GitHub_repositories_search.framework in Frameworks */ = {isa = PBXBuildFile; fileRef = 9B21E31F046C25D194333192 /* Pods_GitHub_repositories_search.framework */; };
		E9494A761ECF27D5001276E9 /* AppDelegate.swift in Sources */ = {isa = PBXBuildFile; fileRef = E9494A751ECF27D5001276E9 /* AppDelegate.swift */; };
		E9494A781ECF27D5001276E9 /* ViewController.swift in Sources */ = {isa = PBXBuildFile; fileRef = E9494A771ECF27D5001276E9 /* ViewController.swift */; };
		E9494A7B1ECF27D5001276E9 /* Main.storyboard in Resources */ = {isa = PBXBuildFile; fileRef = E9494A791ECF27D5001276E9 /* Main.storyboard */; };
		E9494A7E1ECF27D5001276E9 /* GitHub_repositories_search.xcdatamodeld in Sources */ = {isa = PBXBuildFile; fileRef = E9494A7C1ECF27D5001276E9 /* GitHub_repositories_search.xcdatamodeld */; };
		E9494A801ECF27D5001276E9 /* Assets.xcassets in Resources */ = {isa = PBXBuildFile; fileRef = E9494A7F1ECF27D5001276E9 /* Assets.xcassets */; };
		E9494A831ECF27D5001276E9 /* LaunchScreen.storyboard in Resources */ = {isa = PBXBuildFile; fileRef = E9494A811ECF27D5001276E9 /* LaunchScreen.storyboard */; };
		E9494A8E1ECF27D5001276E9 /* GitHub_repositories_searchTests.swift in Sources */ = {isa = PBXBuildFile; fileRef = E9494A8D1ECF27D5001276E9 /* GitHub_repositories_searchTests.swift */; };
		E9494A991ECF27D5001276E9 /* GitHub_repositories_searchUITests.swift in Sources */ = {isa = PBXBuildFile; fileRef = E9494A981ECF27D5001276E9 /* GitHub_repositories_searchUITests.swift */; };
/* End PBXBuildFile section */

/* Begin PBXContainerItemProxy section */
		E9494A8A1ECF27D5001276E9 /* PBXContainerItemProxy */ = {
			isa = PBXContainerItemProxy;
			containerPortal = E9494A6A1ECF27D5001276E9 /* Project object */;
			proxyType = 1;
			remoteGlobalIDString = E9494A711ECF27D5001276E9;
			remoteInfo = GitHub_repositories_search;
		};
		E9494A951ECF27D5001276E9 /* PBXContainerItemProxy */ = {
			isa = PBXContainerItemProxy;
			containerPortal = E9494A6A1ECF27D5001276E9 /* Project object */;
			proxyType = 1;
			remoteGlobalIDString = E9494A711ECF27D5001276E9;
			remoteInfo = GitHub_repositories_search;
		};
/* End PBXContainerItemProxy section */

/* Begin PBXFileReference section */
		4A08EEE74A7C1DE51D7F4CE1 /* Pods_GitHub_repositories_searchUITests.framework */ = {isa = PBXFileReference; explicitFileType = wrapper.framework; includeInIndex = 0; path = Pods_GitHub_repositories_searchUITests.framework; sourceTree = BUILT_PRODUCTS_DIR; };
		55AFC8F09C35E541C6BBE339 /* Pods-GitHub_repositories_searchUITests.debug.xcconfig */ = {isa = PBXFileReference; includeInIndex = 1; lastKnownFileType = text.xcconfig; name = "Pods-GitHub_repositories_searchUITests.debug.xcconfig"; path = "Pods/Target Support Files/Pods-GitHub_repositories_searchUITests/Pods-GitHub_repositories_searchUITests.debug.xcconfig"; sourceTree = "<group>"; };
		55F1C2EE35367C3CD8D9001A /* Pods-GitHub_repositories_searchTests.release.xcconfig */ = {isa = PBXFileReference; includeInIndex = 1; lastKnownFileType = text.xcconfig; name = "Pods-GitHub_repositories_searchTests.release.xcconfig"; path = "Pods/Target Support Files/Pods-GitHub_repositories_searchTests/Pods-GitHub_repositories_searchTests.release.xcconfig"; sourceTree = "<group>"; };
		67C84538DEBD145CE4A7DBBE /* Pods_GitHub_repositories_searchTests.framework */ = {isa = PBXFileReference; explicitFileType = wrapper.framework; includeInIndex = 0; path = Pods_GitHub_repositories_searchTests.framework; sourceTree = BUILT_PRODUCTS_DIR; };
		784521144A55D1D2BCFEC4EC /* Pods-GitHub_repositories_search.release.xcconfig */ = {isa = PBXFileReference; includeInIndex = 1; lastKnownFileType = text.xcconfig; name = "Pods-GitHub_repositories_search.release.xcconfig"; path = "Pods/Target Support Files/Pods-GitHub_repositories_search/Pods-GitHub_repositories_search.release.xcconfig"; sourceTree = "<group>"; };
		9B21E31F046C25D194333192 /* Pods_GitHub_repositories_search.framework */ = {isa = PBXFileReference; explicitFileType = wrapper.framework; includeInIndex = 0; path = Pods_GitHub_repositories_search.framework; sourceTree = BUILT_PRODUCTS_DIR; };
		A966A7AA22E107A1AB19C4C1 /* Pods-GitHub_repositories_search.debug.xcconfig */ = {isa = PBXFileReference; includeInIndex = 1; lastKnownFileType = text.xcconfig; name = "Pods-GitHub_repositories_search.debug.xcconfig"; path = "Pods/Target Support Files/Pods-GitHub_repositories_search/Pods-GitHub_repositories_search.debug.xcconfig"; sourceTree = "<group>"; };
		C2CCA0CC52E9E6F422DEC7DE /* Pods-GitHub_repositories_searchTests.debug.xcconfig */ = {isa = PBXFileReference; includeInIndex = 1; lastKnownFileType = text.xcconfig; name = "Pods-GitHub_repositories_searchTests.debug.xcconfig"; path = "Pods/Target Support Files/Pods-GitHub_repositories_searchTests/Pods-GitHub_repositories_searchTests.debug.xcconfig"; sourceTree = "<group>"; };
		CF41A57B1B18E011B371BEE0 /* Pods-GitHub_repositories_searchUITests.release.xcconfig */ = {isa = PBXFileReference; includeInIndex = 1; lastKnownFileType = text.xcconfig; name = "Pods-GitHub_repositories_searchUITests.release.xcconfig"; path = "Pods/Target Support Files/Pods-GitHub_repositories_searchUITests/Pods-GitHub_repositories_searchUITests.release.xcconfig"; sourceTree = "<group>"; };
		E9494A721ECF27D5001276E9 /* GitHub_repositories_search.app */ = {isa = PBXFileReference; explicitFileType = wrapper.application; includeInIndex = 0; path = GitHub_repositories_search.app; sourceTree = BUILT_PRODUCTS_DIR; };
		E9494A751ECF27D5001276E9 /* AppDelegate.swift */ = {isa = PBXFileReference; lastKnownFileType = sourcecode.swift; path = AppDelegate.swift; sourceTree = "<group>"; };
		E9494A771ECF27D5001276E9 /* ViewController.swift */ = {isa = PBXFileReference; lastKnownFileType = sourcecode.swift; path = ViewController.swift; sourceTree = "<group>"; };
		E9494A7A1ECF27D5001276E9 /* Base */ = {isa = PBXFileReference; lastKnownFileType = file.storyboard; name = Base; path = Base.lproj/Main.storyboard; sourceTree = "<group>"; };
		E9494A7D1ECF27D5001276E9 /* GitHub_repositories_search.xcdatamodel */ = {isa = PBXFileReference; lastKnownFileType = wrapper.xcdatamodel; path = GitHub_repositories_search.xcdatamodel; sourceTree = "<group>"; };
		E9494A7F1ECF27D5001276E9 /* Assets.xcassets */ = {isa = PBXFileReference; lastKnownFileType = folder.assetcatalog; path = Assets.xcassets; sourceTree = "<group>"; };
		E9494A821ECF27D5001276E9 /* Base */ = {isa = PBXFileReference; lastKnownFileType = file.storyboard; name = Base; path = Base.lproj/LaunchScreen.storyboard; sourceTree = "<group>"; };
		E9494A841ECF27D5001276E9 /* Info.plist */ = {isa = PBXFileReference; lastKnownFileType = text.plist.xml; path = Info.plist; sourceTree = "<group>"; };
		E9494A891ECF27D5001276E9 /* GitHub_repositories_searchTests.xctest */ = {isa = PBXFileReference; explicitFileType = wrapper.cfbundle; includeInIndex = 0; path = GitHub_repositories_searchTests.xctest; sourceTree = BUILT_PRODUCTS_DIR; };
		E9494A8D1ECF27D5001276E9 /* GitHub_repositories_searchTests.swift */ = {isa = PBXFileReference; lastKnownFileType = sourcecode.swift; path = GitHub_repositories_searchTests.swift; sourceTree = "<group>"; };
		E9494A8F1ECF27D5001276E9 /* Info.plist */ = {isa = PBXFileReference; lastKnownFileType = text.plist.xml; path = Info.plist; sourceTree = "<group>"; };
		E9494A941ECF27D5001276E9 /* GitHub_repositories_searchUITests.xctest */ = {isa = PBXFileReference; explicitFileType = wrapper.cfbundle; includeInIndex = 0; path = GitHub_repositories_searchUITests.xctest; sourceTree = BUILT_PRODUCTS_DIR; };
		E9494A981ECF27D5001276E9 /* GitHub_repositories_searchUITests.swift */ = {isa = PBXFileReference; lastKnownFileType = sourcecode.swift; path = GitHub_repositories_searchUITests.swift; sourceTree = "<group>"; };
		E9494A9A1ECF27D5001276E9 /* Info.plist */ = {isa = PBXFileReference; lastKnownFileType = text.plist.xml; path = Info.plist; sourceTree = "<group>"; };
/* End PBXFileReference section */

/* Begin PBXFrameworksBuildPhase section */
		E9494A6F1ECF27D5001276E9 /* Frameworks */ = {
			isa = PBXFrameworksBuildPhase;
			buildActionMask = 2147483647;
			files = (
				CF1DDFD5FC5EE641AFD61C91 /* Pods_GitHub_repositories_search.framework in Frameworks */,
			);
			runOnlyForDeploymentPostprocessing = 0;
		};
		E9494A861ECF27D5001276E9 /* Frameworks */ = {
			isa = PBXFrameworksBuildPhase;
			buildActionMask = 2147483647;
			files = (
				62F97795AB405A0372EF2601 /* Pods_GitHub_repositories_searchTests.framework in Frameworks */,
			);
			runOnlyForDeploymentPostprocessing = 0;
		};
		E9494A911ECF27D5001276E9 /* Frameworks */ = {
			isa = PBXFrameworksBuildPhase;
			buildActionMask = 2147483647;
			files = (
				917ADED127DA2F9F9121E004 /* Pods_GitHub_repositories_searchUITests.framework in Frameworks */,
			);
			runOnlyForDeploymentPostprocessing = 0;
		};
/* End PBXFrameworksBuildPhase section */

/* Begin PBXGroup section */
		4EB54B7B85902572237C9245 /* Frameworks */ = {
			isa = PBXGroup;
			children = (
				9B21E31F046C25D194333192 /* Pods_GitHub_repositories_search.framework */,
				67C84538DEBD145CE4A7DBBE /* Pods_GitHub_repositories_searchTests.framework */,
				4A08EEE74A7C1DE51D7F4CE1 /* Pods_GitHub_repositories_searchUITests.framework */,
			);
			name = Frameworks;
			sourceTree = "<group>";
		};
		C4723E724EAD08D64C1C006D /* Pods */ = {
			isa = PBXGroup;
			children = (
				A966A7AA22E107A1AB19C4C1 /* Pods-GitHub_repositories_search.debug.xcconfig */,
				784521144A55D1D2BCFEC4EC /* Pods-GitHub_repositories_search.release.xcconfig */,
				C2CCA0CC52E9E6F422DEC7DE /* Pods-GitHub_repositories_searchTests.debug.xcconfig */,
				55F1C2EE35367C3CD8D9001A /* Pods-GitHub_repositories_searchTests.release.xcconfig */,
				55AFC8F09C35E541C6BBE339 /* Pods-GitHub_repositories_searchUITests.debug.xcconfig */,
				CF41A57B1B18E011B371BEE0 /* Pods-GitHub_repositories_searchUITests.release.xcconfig */,
			);
			name = Pods;
			sourceTree = "<group>";
		};
		E9494A691ECF27D5001276E9 = {
			isa = PBXGroup;
			children = (
				E9494A741ECF27D5001276E9 /* GitHub_repositories_search */,
				E9494A8C1ECF27D5001276E9 /* GitHub_repositories_searchTests */,
				E9494A971ECF27D5001276E9 /* GitHub_repositories_searchUITests */,
				E9494A731ECF27D5001276E9 /* Products */,
				C4723E724EAD08D64C1C006D /* Pods */,
				4EB54B7B85902572237C9245 /* Frameworks */,
			);
			sourceTree = "<group>";
		};
		E9494A731ECF27D5001276E9 /* Products */ = {
			isa = PBXGroup;
			children = (
				E9494A721ECF27D5001276E9 /* GitHub_repositories_search.app */,
				E9494A891ECF27D5001276E9 /* GitHub_repositories_searchTests.xctest */,
				E9494A941ECF27D5001276E9 /* GitHub_repositories_searchUITests.xctest */,
			);
			name = Products;
			sourceTree = "<group>";
		};
		E9494A741ECF27D5001276E9 /* GitHub_repositories_search */ = {
			isa = PBXGroup;
			children = (
				E9494A751ECF27D5001276E9 /* AppDelegate.swift */,
				E9494A771ECF27D5001276E9 /* ViewController.swift */,
				E9494A791ECF27D5001276E9 /* Main.storyboard */,
				E9494A7F1ECF27D5001276E9 /* Assets.xcassets */,
				E9494A811ECF27D5001276E9 /* LaunchScreen.storyboard */,
				E9494A841ECF27D5001276E9 /* Info.plist */,
				E9494A7C1ECF27D5001276E9 /* GitHub_repositories_search.xcdatamodeld */,
			);
			path = GitHub_repositories_search;
			sourceTree = "<group>";
		};
		E9494A8C1ECF27D5001276E9 /* GitHub_repositories_searchTests */ = {
			isa = PBXGroup;
			children = (
				E9494A8D1ECF27D5001276E9 /* GitHub_repositories_searchTests.swift */,
				E9494A8F1ECF27D5001276E9 /* Info.plist */,
			);
			path = GitHub_repositories_searchTests;
			sourceTree = "<group>";
		};
		E9494A971ECF27D5001276E9 /* GitHub_repositories_searchUITests */ = {
			isa = PBXGroup;
			children = (
				E9494A981ECF27D5001276E9 /* GitHub_repositories_searchUITests.swift */,
				E9494A9A1ECF27D5001276E9 /* Info.plist */,
			);
			path = GitHub_repositories_searchUITests;
			sourceTree = "<group>";
		};
/* End PBXGroup section */

/* Begin PBXNativeTarget section */
		E9494A711ECF27D5001276E9 /* GitHub_repositories_search */ = {
			isa = PBXNativeTarget;
			buildConfigurationList = E9494A9D1ECF27D5001276E9 /* Build configuration list for PBXNativeTarget "GitHub_repositories_search" */;
			buildPhases = (
				4BB5902632DBEC8FCAB822DB /* [CP] Check Pods Manifest.lock */,
				E9494A6E1ECF27D5001276E9 /* Sources */,
				E9494A6F1ECF27D5001276E9 /* Frameworks */,
				E9494A701ECF27D5001276E9 /* Resources */,
				EAF858C7D336137D82CA83D5 /* [CP] Embed Pods Frameworks */,
				D80DB407F1A2B37EF6EC35BE /* [CP] Copy Pods Resources */,
			);
			buildRules = (
			);
			dependencies = (
			);
			name = GitHub_repositories_search;
			productName = GitHub_repositories_search;
			productReference = E9494A721ECF27D5001276E9 /* GitHub_repositories_search.app */;
			productType = "com.apple.product-type.application";
		};
		E9494A881ECF27D5001276E9 /* GitHub_repositories_searchTests */ = {
			isa = PBXNativeTarget;
			buildConfigurationList = E9494AA01ECF27D5001276E9 /* Build configuration list for PBXNativeTarget "GitHub_repositories_searchTests" */;
			buildPhases = (
				4AB0905890B6131F924BC001 /* [CP] Check Pods Manifest.lock */,
				E9494A851ECF27D5001276E9 /* Sources */,
				E9494A861ECF27D5001276E9 /* Frameworks */,
				E9494A871ECF27D5001276E9 /* Resources */,
				3FFBA47211CD18EBCD739822 /* [CP] Embed Pods Frameworks */,
				9989D55020D00354CF357D76 /* [CP] Copy Pods Resources */,
			);
			buildRules = (
			);
			dependencies = (
				E9494A8B1ECF27D5001276E9 /* PBXTargetDependency */,
			);
			name = GitHub_repositories_searchTests;
			productName = GitHub_repositories_searchTests;
			productReference = E9494A891ECF27D5001276E9 /* GitHub_repositories_searchTests.xctest */;
			productType = "com.apple.product-type.bundle.unit-test";
		};
		E9494A931ECF27D5001276E9 /* GitHub_repositories_searchUITests */ = {
			isa = PBXNativeTarget;
			buildConfigurationList = E9494AA31ECF27D5001276E9 /* Build configuration list for PBXNativeTarget "GitHub_repositories_searchUITests" */;
			buildPhases = (
				D312AE65DEB79BA4A9A2B620 /* [CP] Check Pods Manifest.lock */,
				E9494A901ECF27D5001276E9 /* Sources */,
				E9494A911ECF27D5001276E9 /* Frameworks */,
				E9494A921ECF27D5001276E9 /* Resources */,
				3562846F03BBAEE49A21F618 /* [CP] Embed Pods Frameworks */,
				BE4E19D9CCB81912C602C403 /* [CP] Copy Pods Resources */,
			);
			buildRules = (
			);
			dependencies = (
				E9494A961ECF27D5001276E9 /* PBXTargetDependency */,
			);
			name = GitHub_repositories_searchUITests;
			productName = GitHub_repositories_searchUITests;
			productReference = E9494A941ECF27D5001276E9 /* GitHub_repositories_searchUITests.xctest */;
			productType = "com.apple.product-type.bundle.ui-testing";
		};
/* End PBXNativeTarget section */

/* Begin PBXProject section */
		E9494A6A1ECF27D5001276E9 /* Project object */ = {
			isa = PBXProject;
			attributes = {
				LastSwiftUpdateCheck = 0830;
				LastUpgradeCheck = 0830;
				ORGANIZATIONNAME = "石川諒";
				TargetAttributes = {
					E9494A711ECF27D5001276E9 = {
						CreatedOnToolsVersion = 8.3.2;
						DevelopmentTeam = 86E8FPKX8A;
						ProvisioningStyle = Automatic;
					};
					E9494A881ECF27D5001276E9 = {
						CreatedOnToolsVersion = 8.3.2;
						ProvisioningStyle = Automatic;
						TestTargetID = E9494A711ECF27D5001276E9;
					};
					E9494A931ECF27D5001276E9 = {
						CreatedOnToolsVersion = 8.3.2;
						ProvisioningStyle = Automatic;
						TestTargetID = E9494A711ECF27D5001276E9;
					};
				};
			};
			buildConfigurationList = E9494A6D1ECF27D5001276E9 /* Build configuration list for PBXProject "GitHub_repositories_search" */;
			compatibilityVersion = "Xcode 3.2";
			developmentRegion = English;
			hasScannedForEncodings = 0;
			knownRegions = (
				en,
				Base,
			);
			mainGroup = E9494A691ECF27D5001276E9;
			productRefGroup = E9494A731ECF27D5001276E9 /* Products */;
			projectDirPath = "";
			projectRoot = "";
			targets = (
				E9494A711ECF27D5001276E9 /* GitHub_repositories_search */,
				E9494A881ECF27D5001276E9 /* GitHub_repositories_searchTests */,
				E9494A931ECF27D5001276E9 /* GitHub_repositories_searchUITests */,
			);
		};
/* End PBXProject section */

/* Begin PBXResourcesBuildPhase section */
		E9494A701ECF27D5001276E9 /* Resources */ = {
			isa = PBXResourcesBuildPhase;
			buildActionMask = 2147483647;
			files = (
				E9494A831ECF27D5001276E9 /* LaunchScreen.storyboard in Resources */,
				E9494A801ECF27D5001276E9 /* Assets.xcassets in Resources */,
				E9494A7B1ECF27D5001276E9 /* Main.storyboard in Resources */,
			);
			runOnlyForDeploymentPostprocessing = 0;
		};
		E9494A871ECF27D5001276E9 /* Resources */ = {
			isa = PBXResourcesBuildPhase;
			buildActionMask = 2147483647;
			files = (
			);
			runOnlyForDeploymentPostprocessing = 0;
		};
		E9494A921ECF27D5001276E9 /* Resources */ = {
			isa = PBXResourcesBuildPhase;
			buildActionMask = 2147483647;
			files = (
			);
			runOnlyForDeploymentPostprocessing = 0;
		};
/* End PBXResourcesBuildPhase section */

/* Begin PBXShellScriptBuildPhase section */
		3562846F03BBAEE49A21F618 /* [CP] Embed Pods Frameworks */ = {
			isa = PBXShellScriptBuildPhase;
			buildActionMask = 2147483647;
			files = (
			);
			inputPaths = (
			);
			name = "[CP] Embed Pods Frameworks";
			outputPaths = (
			);
			runOnlyForDeploymentPostprocessing = 0;
			shellPath = /bin/sh;
			shellScript = "\"${SRCROOT}/Pods/Target Support Files/Pods-GitHub_repositories_searchUITests/Pods-GitHub_repositories_searchUITests-frameworks.sh\"\n";
			showEnvVarsInLog = 0;
		};
		3FFBA47211CD18EBCD739822 /* [CP] Embed Pods Frameworks */ = {
			isa = PBXShellScriptBuildPhase;
			buildActionMask = 2147483647;
			files = (
			);
			inputPaths = (
			);
			name = "[CP] Embed Pods Frameworks";
			outputPaths = (
			);
			runOnlyForDeploymentPostprocessing = 0;
			shellPath = /bin/sh;
			shellScript = "\"${SRCROOT}/Pods/Target Support Files/Pods-GitHub_repositories_searchTests/Pods-GitHub_repositories_searchTests-frameworks.sh\"\n";
			showEnvVarsInLog = 0;
		};
		4AB0905890B6131F924BC001 /* [CP] Check Pods Manifest.lock */ = {
			isa = PBXShellScriptBuildPhase;
			buildActionMask = 2147483647;
			files = (
			);
			inputPaths = (
			);
			name = "[CP] Check Pods Manifest.lock";
			outputPaths = (
			);
			runOnlyForDeploymentPostprocessing = 0;
			shellPath = /bin/sh;
			shellScript = "diff \"${PODS_ROOT}/../Podfile.lock\" \"${PODS_ROOT}/Manifest.lock\" > /dev/null\nif [ $? != 0 ] ; then\n    # print error to STDERR\n    echo \"error: The sandbox is not in sync with the Podfile.lock. Run 'pod install' or update your CocoaPods installation.\" >&2\n    exit 1\nfi\n";
			showEnvVarsInLog = 0;
		};
		4BB5902632DBEC8FCAB822DB /* [CP] Check Pods Manifest.lock */ = {
			isa = PBXShellScriptBuildPhase;
			buildActionMask = 2147483647;
			files = (
			);
			inputPaths = (
			);
			name = "[CP] Check Pods Manifest.lock";
			outputPaths = (
			);
			runOnlyForDeploymentPostprocessing = 0;
			shellPath = /bin/sh;
			shellScript = "diff \"${PODS_ROOT}/../Podfile.lock\" \"${PODS_ROOT}/Manifest.lock\" > /dev/null\nif [ $? != 0 ] ; then\n    # print error to STDERR\n    echo \"error: The sandbox is not in sync with the Podfile.lock. Run 'pod install' or update your CocoaPods installation.\" >&2\n    exit 1\nfi\n";
			showEnvVarsInLog = 0;
		};
		9989D55020D00354CF357D76 /* [CP] Copy Pods Resources */ = {
			isa = PBXShellScriptBuildPhase;
			buildActionMask = 2147483647;
			files = (
			);
			inputPaths = (
			);
			name = "[CP] Copy Pods Resources";
			outputPaths = (
			);
			runOnlyForDeploymentPostprocessing = 0;
			shellPath = /bin/sh;
			shellScript = "\"${SRCROOT}/Pods/Target Support Files/Pods-GitHub_repositories_searchTests/Pods-GitHub_repositories_searchTests-resources.sh\"\n";
			showEnvVarsInLog = 0;
		};
		BE4E19D9CCB81912C602C403 /* [CP] Copy Pods Resources */ = {
			isa = PBXShellScriptBuildPhase;
			buildActionMask = 2147483647;
			files = (
			);
			inputPaths = (
			);
			name = "[CP] Copy Pods Resources";
			outputPaths = (
			);
			runOnlyForDeploymentPostprocessing = 0;
			shellPath = /bin/sh;
			shellScript = "\"${SRCROOT}/Pods/Target Support Files/Pods-GitHub_repositories_searchUITests/Pods-GitHub_repositories_searchUITests-resources.sh\"\n";
			showEnvVarsInLog = 0;
		};
		D312AE65DEB79BA4A9A2B620 /* [CP] Check Pods Manifest.lock */ = {
			isa = PBXShellScriptBuildPhase;
			buildActionMask = 2147483647;
			files = (
			);
			inputPaths = (
			);
			name = "[CP] Check Pods Manifest.lock";
			outputPaths = (
			);
			runOnlyForDeploymentPostprocessing = 0;
			shellPath = /bin/sh;
			shellScript = "diff \"${PODS_ROOT}/../Podfile.lock\" \"${PODS_ROOT}/Manifest.lock\" > /dev/null\nif [ $? != 0 ] ; then\n    # print error to STDERR\n    echo \"error: The sandbox is not in sync with the Podfile.lock. Run 'pod install' or update your CocoaPods installation.\" >&2\n    exit 1\nfi\n";
			showEnvVarsInLog = 0;
		};
		D80DB407F1A2B37EF6EC35BE /* [CP] Copy Pods Resources */ = {
			isa = PBXShellScriptBuildPhase;
			buildActionMask = 2147483647;
			files = (
			);
			inputPaths = (
			);
			name = "[CP] Copy Pods Resources";
			outputPaths = (
			);
			runOnlyForDeploymentPostprocessing = 0;
			shellPath = /bin/sh;
			shellScript = "\"${SRCROOT}/Pods/Target Support Files/Pods-GitHub_repositories_search/Pods-GitHub_repositories_search-resources.sh\"\n";
			showEnvVarsInLog = 0;
		};
		EAF858C7D336137D82CA83D5 /* [CP] Embed Pods Frameworks */ = {
			isa = PBXShellScriptBuildPhase;
			buildActionMask = 2147483647;
			files = (
			);
			inputPaths = (
			);
			name = "[CP] Embed Pods Frameworks";
			outputPaths = (
			);
			runOnlyForDeploymentPostprocessing = 0;
			shellPath = /bin/sh;
			shellScript = "\"${SRCROOT}/Pods/Target Support Files/Pods-GitHub_repositories_search/Pods-GitHub_repositories_search-frameworks.sh\"\n";
			showEnvVarsInLog = 0;
		};
/* End PBXShellScriptBuildPhase section */

/* Begin PBXSourcesBuildPhase section */
		E9494A6E1ECF27D5001276E9 /* Sources */ = {
			isa = PBXSourcesBuildPhase;
			buildActionMask = 2147483647;
			files = (
				E9494A781ECF27D5001276E9 /* ViewController.swift in Sources */,
				E9494A761ECF27D5001276E9 /* AppDelegate.swift in Sources */,
				E9494A7E1ECF27D5001276E9 /* GitHub_repositories_search.xcdatamodeld in Sources */,
			);
			runOnlyForDeploymentPostprocessing = 0;
		};
		E9494A851ECF27D5001276E9 /* Sources */ = {
			isa = PBXSourcesBuildPhase;
			buildActionMask = 2147483647;
			files = (
				E9494A8E1ECF27D5001276E9 /* GitHub_repositories_searchTests.swift in Sources */,
			);
			runOnlyForDeploymentPostprocessing = 0;
		};
		E9494A901ECF27D5001276E9 /* Sources */ = {
			isa = PBXSourcesBuildPhase;
			buildActionMask = 2147483647;
			files = (
				E9494A991ECF27D5001276E9 /* GitHub_repositories_searchUITests.swift in Sources */,
			);
			runOnlyForDeploymentPostprocessing = 0;
		};
/* End PBXSourcesBuildPhase section */

/* Begin PBXTargetDependency section */
		E9494A8B1ECF27D5001276E9 /* PBXTargetDependency */ = {
			isa = PBXTargetDependency;
			target = E9494A711ECF27D5001276E9 /* GitHub_repositories_search */;
			targetProxy = E9494A8A1ECF27D5001276E9 /* PBXContainerItemProxy */;
		};
		E9494A961ECF27D5001276E9 /* PBXTargetDependency */ = {
			isa = PBXTargetDependency;
			target = E9494A711ECF27D5001276E9 /* GitHub_repositories_search */;
			targetProxy = E9494A951ECF27D5001276E9 /* PBXContainerItemProxy */;
		};
/* End PBXTargetDependency section */

/* Begin PBXVariantGroup section */
		E9494A791ECF27D5001276E9 /* Main.storyboard */ = {
			isa = PBXVariantGroup;
			children = (
				E9494A7A1ECF27D5001276E9 /* Base */,
			);
			name = Main.storyboard;
			sourceTree = "<group>";
		};
		E9494A811ECF27D5001276E9 /* LaunchScreen.storyboard */ = {
			isa = PBXVariantGroup;
			children = (
				E9494A821ECF27D5001276E9 /* Base */,
			);
			name = LaunchScreen.storyboard;
			sourceTree = "<group>";
		};
/* End PBXVariantGroup section */

/* Begin XCBuildConfiguration section */
		E9494A9B1ECF27D5001276E9 /* Debug */ = {
			isa = XCBuildConfiguration;
			buildSettings = {
				ALWAYS_SEARCH_USER_PATHS = NO;
				CLANG_ANALYZER_NONNULL = YES;
				CLANG_ANALYZER_NUMBER_OBJECT_CONVERSION = YES_AGGRESSIVE;
				CLANG_CXX_LANGUAGE_STANDARD = "gnu++0x";
				CLANG_CXX_LIBRARY = "libc++";
				CLANG_ENABLE_MODULES = YES;
				CLANG_ENABLE_OBJC_ARC = YES;
				CLANG_WARN_BOOL_CONVERSION = YES;
				CLANG_WARN_CONSTANT_CONVERSION = YES;
				CLANG_WARN_DIRECT_OBJC_ISA_USAGE = YES_ERROR;
				CLANG_WARN_DOCUMENTATION_COMMENTS = YES;
				CLANG_WARN_EMPTY_BODY = YES;
				CLANG_WARN_ENUM_CONVERSION = YES;
				CLANG_WARN_INFINITE_RECURSION = YES;
				CLANG_WARN_INT_CONVERSION = YES;
				CLANG_WARN_OBJC_ROOT_CLASS = YES_ERROR;
				CLANG_WARN_SUSPICIOUS_MOVE = YES;
				CLANG_WARN_UNREACHABLE_CODE = YES;
				CLANG_WARN__DUPLICATE_METHOD_MATCH = YES;
				"CODE_SIGN_IDENTITY[sdk=iphoneos*]" = "iPhone Developer";
				COPY_PHASE_STRIP = NO;
				DEBUG_INFORMATION_FORMAT = dwarf;
				ENABLE_STRICT_OBJC_MSGSEND = YES;
				ENABLE_TESTABILITY = YES;
				GCC_C_LANGUAGE_STANDARD = gnu99;
				GCC_DYNAMIC_NO_PIC = NO;
				GCC_NO_COMMON_BLOCKS = YES;
				GCC_OPTIMIZATION_LEVEL = 0;
				GCC_PREPROCESSOR_DEFINITIONS = (
					"DEBUG=1",
					"$(inherited)",
				);
				GCC_WARN_64_TO_32_BIT_CONVERSION = YES;
				GCC_WARN_ABOUT_RETURN_TYPE = YES_ERROR;
				GCC_WARN_UNDECLARED_SELECTOR = YES;
				GCC_WARN_UNINITIALIZED_AUTOS = YES_AGGRESSIVE;
				GCC_WARN_UNUSED_FUNCTION = YES;
				GCC_WARN_UNUSED_VARIABLE = YES;
				IPHONEOS_DEPLOYMENT_TARGET = 10.3;
				MTL_ENABLE_DEBUG_INFO = YES;
				ONLY_ACTIVE_ARCH = YES;
				SDKROOT = iphoneos;
				SWIFT_ACTIVE_COMPILATION_CONDITIONS = DEBUG;
				SWIFT_OPTIMIZATION_LEVEL = "-Onone";
			};
			name = Debug;
		};
		E9494A9C1ECF27D5001276E9 /* Release */ = {
			isa = XCBuildConfiguration;
			buildSettings = {
				ALWAYS_SEARCH_USER_PATHS = NO;
				CLANG_ANALYZER_NONNULL = YES;
				CLANG_ANALYZER_NUMBER_OBJECT_CONVERSION = YES_AGGRESSIVE;
				CLANG_CXX_LANGUAGE_STANDARD = "gnu++0x";
				CLANG_CXX_LIBRARY = "libc++";
				CLANG_ENABLE_MODULES = YES;
				CLANG_ENABLE_OBJC_ARC = YES;
				CLANG_WARN_BOOL_CONVERSION = YES;
				CLANG_WARN_CONSTANT_CONVERSION = YES;
				CLANG_WARN_DIRECT_OBJC_ISA_USAGE = YES_ERROR;
				CLANG_WARN_DOCUMENTATION_COMMENTS = YES;
				CLANG_WARN_EMPTY_BODY = YES;
				CLANG_WARN_ENUM_CONVERSION = YES;
				CLANG_WARN_INFINITE_RECURSION = YES;
				CLANG_WARN_INT_CONVERSION = YES;
				CLANG_WARN_OBJC_ROOT_CLASS = YES_ERROR;
				CLANG_WARN_SUSPICIOUS_MOVE = YES;
				CLANG_WARN_UNREACHABLE_CODE = YES;
				CLANG_WARN__DUPLICATE_METHOD_MATCH = YES;
				"CODE_SIGN_IDENTITY[sdk=iphoneos*]" = "iPhone Developer";
				COPY_PHASE_STRIP = NO;
				DEBUG_INFORMATION_FORMAT = "dwarf-with-dsym";
				ENABLE_NS_ASSERTIONS = NO;
				ENABLE_STRICT_OBJC_MSGSEND = YES;
				GCC_C_LANGUAGE_STANDARD = gnu99;
				GCC_NO_COMMON_BLOCKS = YES;
				GCC_WARN_64_TO_32_BIT_CONVERSION = YES;
				GCC_WARN_ABOUT_RETURN_TYPE = YES_ERROR;
				GCC_WARN_UNDECLARED_SELECTOR = YES;
				GCC_WARN_UNINITIALIZED_AUTOS = YES_AGGRESSIVE;
				GCC_WARN_UNUSED_FUNCTION = YES;
				GCC_WARN_UNUSED_VARIABLE = YES;
				IPHONEOS_DEPLOYMENT_TARGET = 10.3;
				MTL_ENABLE_DEBUG_INFO = NO;
				SDKROOT = iphoneos;
				SWIFT_OPTIMIZATION_LEVEL = "-Owholemodule";
				VALIDATE_PRODUCT = YES;
			};
			name = Release;
		};
		E9494A9E1ECF27D5001276E9 /* Debug */ = {
			isa = XCBuildConfiguration;
			baseConfigurationReference = A966A7AA22E107A1AB19C4C1 /* Pods-GitHub_repositories_search.debug.xcconfig */;
			buildSettings = {
				ASSETCATALOG_COMPILER_APPICON_NAME = AppIcon;
				DEVELOPMENT_TEAM = 86E8FPKX8A;
				INFOPLIST_FILE = GitHub_repositories_search/Info.plist;
				LD_RUNPATH_SEARCH_PATHS = "$(inherited) @executable_path/Frameworks";
				PRODUCT_BUNDLE_IDENTIFIER = "ishikawa.GitHub-repositories-search";
				PRODUCT_NAME = "$(TARGET_NAME)";
				SWIFT_VERSION = 3.0;
			};
			name = Debug;
		};
		E9494A9F1ECF27D5001276E9 /* Release */ = {
			isa = XCBuildConfiguration;
			baseConfigurationReference = 784521144A55D1D2BCFEC4EC /* Pods-GitHub_repositories_search.release.xcconfig */;
			buildSettings = {
				ASSETCATALOG_COMPILER_APPICON_NAME = AppIcon;
				DEVELOPMENT_TEAM = 86E8FPKX8A;
				INFOPLIST_FILE = GitHub_repositories_search/Info.plist;
				LD_RUNPATH_SEARCH_PATHS = "$(inherited) @executable_path/Frameworks";
				PRODUCT_BUNDLE_IDENTIFIER = "ishikawa.GitHub-repositories-search";
				PRODUCT_NAME = "$(TARGET_NAME)";
				SWIFT_VERSION = 3.0;
			};
			name = Release;
		};
		E9494AA11ECF27D5001276E9 /* Debug */ = {
			isa = XCBuildConfiguration;
			baseConfigurationReference = C2CCA0CC52E9E6F422DEC7DE /* Pods-GitHub_repositories_searchTests.debug.xcconfig */;
			buildSettings = {
				ALWAYS_EMBED_SWIFT_STANDARD_LIBRARIES = YES;
				BUNDLE_LOADER = "$(TEST_HOST)";
				INFOPLIST_FILE = GitHub_repositories_searchTests/Info.plist;
				LD_RUNPATH_SEARCH_PATHS = "$(inherited) @executable_path/Frameworks @loader_path/Frameworks";
				PRODUCT_BUNDLE_IDENTIFIER = "ishikawa.GitHub-repositories-searchTests";
				PRODUCT_NAME = "$(TARGET_NAME)";
				SWIFT_VERSION = 3.0;
				TEST_HOST = "$(BUILT_PRODUCTS_DIR)/GitHub_repositories_search.app/GitHub_repositories_search";
			};
			name = Debug;
		};
		E9494AA21ECF27D5001276E9 /* Release */ = {
			isa = XCBuildConfiguration;
			baseConfigurationReference = 55F1C2EE35367C3CD8D9001A /* Pods-GitHub_repositories_searchTests.release.xcconfig */;
			buildSettings = {
				ALWAYS_EMBED_SWIFT_STANDARD_LIBRARIES = YES;
				BUNDLE_LOADER = "$(TEST_HOST)";
				INFOPLIST_FILE = GitHub_repositories_searchTests/Info.plist;
				LD_RUNPATH_SEARCH_PATHS = "$(inherited) @executable_path/Frameworks @loader_path/Frameworks";
				PRODUCT_BUNDLE_IDENTIFIER = "ishikawa.GitHub-repositories-searchTests";
				PRODUCT_NAME = "$(TARGET_NAME)";
				SWIFT_VERSION = 3.0;
				TEST_HOST = "$(BUILT_PRODUCTS_DIR)/GitHub_repositories_search.app/GitHub_repositories_search";
			};
			name = Release;
		};
		E9494AA41ECF27D5001276E9 /* Debug */ = {
			isa = XCBuildConfiguration;
			baseConfigurationReference = 55AFC8F09C35E541C6BBE339 /* Pods-GitHub_repositories_searchUITests.debug.xcconfig */;
			buildSettings = {
				ALWAYS_EMBED_SWIFT_STANDARD_LIBRARIES = YES;
				INFOPLIST_FILE = GitHub_repositories_searchUITests/Info.plist;
				LD_RUNPATH_SEARCH_PATHS = "$(inherited) @executable_path/Frameworks @loader_path/Frameworks";
				PRODUCT_BUNDLE_IDENTIFIER = "ishikawa.GitHub-repositories-searchUITests";
				PRODUCT_NAME = "$(TARGET_NAME)";
				SWIFT_VERSION = 3.0;
				TEST_TARGET_NAME = GitHub_repositories_search;
			};
			name = Debug;
		};
		E9494AA51ECF27D5001276E9 /* Release */ = {
			isa = XCBuildConfiguration;
			baseConfigurationReference = CF41A57B1B18E011B371BEE0 /* Pods-GitHub_repositories_searchUITests.release.xcconfig */;
			buildSettings = {
				ALWAYS_EMBED_SWIFT_STANDARD_LIBRARIES = YES;
				INFOPLIST_FILE = GitHub_repositories_searchUITests/Info.plist;
				LD_RUNPATH_SEARCH_PATHS = "$(inherited) @executable_path/Frameworks @loader_path/Frameworks";
				PRODUCT_BUNDLE_IDENTIFIER = "ishikawa.GitHub-repositories-searchUITests";
				PRODUCT_NAME = "$(TARGET_NAME)";
				SWIFT_VERSION = 3.0;
				TEST_TARGET_NAME = GitHub_repositories_search;
			};
			name = Release;
		};
/* End XCBuildConfiguration section */

/* Begin XCConfigurationList section */
		E9494A6D1ECF27D5001276E9 /* Build configuration list for PBXProject "GitHub_repositories_search" */ = {
			isa = XCConfigurationList;
			buildConfigurations = (
				E9494A9B1ECF27D5001276E9 /* Debug */,
				E9494A9C1ECF27D5001276E9 /* Release */,
			);
			defaultConfigurationIsVisible = 0;
			defaultConfigurationName = Release;
		};
		E9494A9D1ECF27D5001276E9 /* Build configuration list for PBXNativeTarget "GitHub_repositories_search" */ = {
			isa = XCConfigurationList;
			buildConfigurations = (
				E9494A9E1ECF27D5001276E9 /* Debug */,
				E9494A9F1ECF27D5001276E9 /* Release */,
			);
			defaultConfigurationIsVisible = 0;
		};
		E9494AA01ECF27D5001276E9 /* Build configuration list for PBXNativeTarget "GitHub_repositories_searchTests" */ = {
			isa = XCConfigurationList;
			buildConfigurations = (
				E9494AA11ECF27D5001276E9 /* Debug */,
				E9494AA21ECF27D5001276E9 /* Release */,
			);
			defaultConfigurationIsVisible = 0;
		};
		E9494AA31ECF27D5001276E9 /* Build configuration list for PBXNativeTarget "GitHub_repositories_searchUITests" */ = {
			isa = XCConfigurationList;
			buildConfigurations = (
				E9494AA41ECF27D5001276E9 /* Debug */,
				E9494AA51ECF27D5001276E9 /* Release */,
			);
			defaultConfigurationIsVisible = 0;
		};
/* End XCConfigurationList section */

/* Begin XCVersionGroup section */
		E9494A7C1ECF27D5001276E9 /* GitHub_repositories_search.xcdatamodeld */ = {
			isa = XCVersionGroup;
			children = (
				E9494A7D1ECF27D5001276E9 /* GitHub_repositories_search.xcdatamodel */,
			);
			currentVersion = E9494A7D1ECF27D5001276E9 /* GitHub_repositories_search.xcdatamodel */;
			path = GitHub_repositories_search.xcdatamodeld;
			sourceTree = "<group>";
			versionGroupType = wrapper.xcdatamodel;
		};
/* End XCVersionGroup section */
	};
	rootObject = E9494A6A1ECF27D5001276E9 /* Project object */;
}
